
Microsoft Visual Studio Solution File, Format Version 12.00
# Visual Studio Version 17
VisualStudioVersion = 17.2.32505.173
MinimumVisualStudioVersion = 10.0.40219.1
Project("{FAE04EC0-301F-11D3-BF4B-00C04F79EFBC}") = "Consultorio", "Consultorio\Consultorio.csproj", "{DF87BCF7-0944-4A91-A361-940A4E773B1F}"
EndProject
Global
	GlobalSection(SolutionConfigurationPlatforms) = preSolution
		Debug|Any CPU = Debug|Any CPU
		Release|Any CPU = Release|Any CPU
	EndGlobalSection
	GlobalSection(ProjectConfigurationPlatforms) = postSolution
		{DF87BCF7-0944-4A91-A361-940A4E773B1F}.Debug|Any CPU.ActiveCfg = Debug|Any CPU
		{DF87BCF7-0944-4A91-A361-940A4E773B1F}.Debug|Any CPU.Build.0 = Debug|Any CPU
		{DF87BCF7-0944-4A91-A361-940A4E773B1F}.Release|Any CPU.ActiveCfg = Release|Any CPU
		{DF87BCF7-0944-4A91-A361-940A4E773B1F}.Release|Any CPU.Build.0 = Release|Any CPU
	EndGlobalSection
	GlobalSection(SolutionProperties) = preSolution
		HideSolutionNode = FALSE
	EndGlobalSection
	GlobalSection(ExtensibilityGlobals) = postSolution
		SolutionGuid = {5A0F697A-4795-4D81-B1A9-35BF34A66D3B}
	EndGlobalSection
EndGlobal
